
Microsoft Visual Studio Solution File, Format Version 12.00
# Visual Studio Version 17
VisualStudioVersion = 17.14.36212.18 d17.14
MinimumVisualStudioVersion = 10.0.40219.1
Project("{FAE04EC0-301F-11D3-BF4B-00C04F79EFBC}") = "Client", "Client\Client.csproj", "{719754B8-60B5-4688-85D9-4FAA59507602}"
EndProject
Global
	GlobalSection(SolutionConfigurationPlatforms) = preSolution
		Debug|Any CPU = Debug|Any CPU
		Release|Any CPU = Release|Any CPU
	EndGlobalSection
	GlobalSection(ProjectConfigurationPlatforms) = postSolution
		{719754B8-60B5-4688-85D9-4FAA59507602}.Debug|Any CPU.ActiveCfg = Debug|Any CPU
		{719754B8-60B5-4688-85D9-4FAA59507602}.Debug|Any CPU.Build.0 = Debug|Any CPU
		{719754B8-60B5-4688-85D9-4FAA59507602}.Release|Any CPU.ActiveCfg = Release|Any CPU
		{719754B8-60B5-4688-85D9-4FAA59507602}.Release|Any CPU.Build.0 = Release|Any CPU
	EndGlobalSection
	GlobalSection(SolutionProperties) = preSolution
		HideSolutionNode = FALSE
	EndGlobalSection
	GlobalSection(ExtensibilityGlobals) = postSolution
		SolutionGuid = {1C1CDA1F-9D58-4437-A0C6-688785A8CD38}
	EndGlobalSection
EndGlobal
